
Microsoft Visual Studio Solution File, Format Version 12.00
# Visual Studio Version 17
VisualStudioVersion = 17.9.34714.143
MinimumVisualStudioVersion = 10.0.40219.1
Project("{FAE04EC0-301F-11D3-BF4B-00C04F79EFBC}") = "C# HomeWork Out, Ref", "C# HomeWork Out, Ref\C# HomeWork Out, Ref.csproj", "{1EBFD804-70C3-4E8F-9EE0-53BA8C49D820}"
EndProject
Global
	GlobalSection(SolutionConfigurationPlatforms) = preSolution
		Debug|Any CPU = Debug|Any CPU
		Release|Any CPU = Release|Any CPU
	EndGlobalSection
	GlobalSection(ProjectConfigurationPlatforms) = postSolution
		{1EBFD804-70C3-4E8F-9EE0-53BA8C49D820}.Debug|Any CPU.ActiveCfg = Debug|Any CPU
		{1EBFD804-70C3-4E8F-9EE0-53BA8C49D820}.Debug|Any CPU.Build.0 = Debug|Any CPU
		{1EBFD804-70C3-4E8F-9EE0-53BA8C49D820}.Release|Any CPU.ActiveCfg = Release|Any CPU
		{1EBFD804-70C3-4E8F-9EE0-53BA8C49D820}.Release|Any CPU.Build.0 = Release|Any CPU
	EndGlobalSection
	GlobalSection(SolutionProperties) = preSolution
		HideSolutionNode = FALSE
	EndGlobalSection
	GlobalSection(ExtensibilityGlobals) = postSolution
		SolutionGuid = {0676CFFA-8D6F-4707-8672-9881E440A59E}
	EndGlobalSection
EndGlobal
